
Microsoft Visual Studio Solution File, Format Version 12.00
# Visual Studio Version 16
VisualStudioVersion = 16.0.31321.278
MinimumVisualStudioVersion = 10.0.40219.1
Project("{9A19103F-16F7-4668-BE54-9A1E7A4F7556}") = "Pub", "Pub\Pub.csproj", "{7A4C6CA2-6C40-43CA-836D-C67DD287E350}"
EndProject
Project("{9A19103F-16F7-4668-BE54-9A1E7A4F7556}") = "Sub", "Sub\Sub.csproj", "{D9D71E4D-8DBC-4B86-B56A-F6F8F1799683}"
EndProject
Project("{9A19103F-16F7-4668-BE54-9A1E7A4F7556}") = "Messages", "Messages\Messages.csproj", "{73FEFFE9-238C-4EE6-B980-30724498A646}"
EndProject
Project("{9A19103F-16F7-4668-BE54-9A1E7A4F7556}") = "Broker", "Broker\Broker.csproj", "{DAF387D3-B521-4730-B4C0-0D22BADF0BDE}"
EndProject
Project("{9A19103F-16F7-4668-BE54-9A1E7A4F7556}") = "ConsoleApp", "ConsoleApp\ConsoleApp.csproj", "{36883501-5436-42B4-8F30-CBE9D522AA10}"
EndProject
Project("{2150E333-8FDC-42A3-9474-1A3956D46DE8}") = "EventHandler", "EventHandler", "{31665D2F-C5B1-4F64-BA6A-FF457861EDF5}"
EndProject
Project("{2150E333-8FDC-42A3-9474-1A3956D46DE8}") = "Reactive", "Reactive", "{7E555272-5469-44F7-AF59-52494BE3662D}"
EndProject
Project("{FAE04EC0-301F-11D3-BF4B-00C04F79EFBC}") = "ReactiveImpl", "ReactiveImpl\ReactiveImpl.csproj", "{EBBC5131-B92E-481D-9E60-57C133937988}"
EndProject
Project("{FAE04EC0-301F-11D3-BF4B-00C04F79EFBC}") = "ReactiveImpl.Test", "ReactiveImpl.Test\ReactiveImpl.Test.csproj", "{BBEC0A75-D613-417F-8E89-C3F6013AB53F}"
EndProject
Global
	GlobalSection(SolutionConfigurationPlatforms) = preSolution
		Debug|Any CPU = Debug|Any CPU
		Release|Any CPU = Release|Any CPU
	EndGlobalSection
	GlobalSection(ProjectConfigurationPlatforms) = postSolution
		{7A4C6CA2-6C40-43CA-836D-C67DD287E350}.Debug|Any CPU.ActiveCfg = Debug|Any CPU
		{7A4C6CA2-6C40-43CA-836D-C67DD287E350}.Debug|Any CPU.Build.0 = Debug|Any CPU
		{7A4C6CA2-6C40-43CA-836D-C67DD287E350}.Release|Any CPU.ActiveCfg = Release|Any CPU
		{7A4C6CA2-6C40-43CA-836D-C67DD287E350}.Release|Any CPU.Build.0 = Release|Any CPU
		{D9D71E4D-8DBC-4B86-B56A-F6F8F1799683}.Debug|Any CPU.ActiveCfg = Debug|Any CPU
		{D9D71E4D-8DBC-4B86-B56A-F6F8F1799683}.Debug|Any CPU.Build.0 = Debug|Any CPU
		{D9D71E4D-8DBC-4B86-B56A-F6F8F1799683}.Release|Any CPU.ActiveCfg = Release|Any CPU
		{D9D71E4D-8DBC-4B86-B56A-F6F8F1799683}.Release|Any CPU.Build.0 = Release|Any CPU
		{73FEFFE9-238C-4EE6-B980-30724498A646}.Debug|Any CPU.ActiveCfg = Debug|Any CPU
		{73FEFFE9-238C-4EE6-B980-30724498A646}.Debug|Any CPU.Build.0 = Debug|Any CPU
		{73FEFFE9-238C-4EE6-B980-30724498A646}.Release|Any CPU.ActiveCfg = Release|Any CPU
		{73FEFFE9-238C-4EE6-B980-30724498A646}.Release|Any CPU.Build.0 = Release|Any CPU
		{DAF387D3-B521-4730-B4C0-0D22BADF0BDE}.Debug|Any CPU.ActiveCfg = Debug|Any CPU
		{DAF387D3-B521-4730-B4C0-0D22BADF0BDE}.Debug|Any CPU.Build.0 = Debug|Any CPU
		{DAF387D3-B521-4730-B4C0-0D22BADF0BDE}.Release|Any CPU.ActiveCfg = Release|Any CPU
		{DAF387D3-B521-4730-B4C0-0D22BADF0BDE}.Release|Any CPU.Build.0 = Release|Any CPU
		{36883501-5436-42B4-8F30-CBE9D522AA10}.Debug|Any CPU.ActiveCfg = Debug|Any CPU
		{36883501-5436-42B4-8F30-CBE9D522AA10}.Debug|Any CPU.Build.0 = Debug|Any CPU
		{36883501-5436-42B4-8F30-CBE9D522AA10}.Release|Any CPU.ActiveCfg = Release|Any CPU
		{36883501-5436-42B4-8F30-CBE9D522AA10}.Release|Any CPU.Build.0 = Release|Any CPU
		{EBBC5131-B92E-481D-9E60-57C133937988}.Debug|Any CPU.ActiveCfg = Debug|Any CPU
		{EBBC5131-B92E-481D-9E60-57C133937988}.Debug|Any CPU.Build.0 = Debug|Any CPU
		{EBBC5131-B92E-481D-9E60-57C133937988}.Release|Any CPU.ActiveCfg = Release|Any CPU
		{EBBC5131-B92E-481D-9E60-57C133937988}.Release|Any CPU.Build.0 = Release|Any CPU
		{BBEC0A75-D613-417F-8E89-C3F6013AB53F}.Debug|Any CPU.ActiveCfg = Debug|Any CPU
		{BBEC0A75-D613-417F-8E89-C3F6013AB53F}.Debug|Any CPU.Build.0 = Debug|Any CPU
		{BBEC0A75-D613-417F-8E89-C3F6013AB53F}.Release|Any CPU.ActiveCfg = Release|Any CPU
		{BBEC0A75-D613-417F-8E89-C3F6013AB53F}.Release|Any CPU.Build.0 = Release|Any CPU
	EndGlobalSection
	GlobalSection(SolutionProperties) = preSolution
		HideSolutionNode = FALSE
	EndGlobalSection
	GlobalSection(NestedProjects) = preSolution
		{7A4C6CA2-6C40-43CA-836D-C67DD287E350} = {31665D2F-C5B1-4F64-BA6A-FF457861EDF5}
		{D9D71E4D-8DBC-4B86-B56A-F6F8F1799683} = {31665D2F-C5B1-4F64-BA6A-FF457861EDF5}
		{73FEFFE9-238C-4EE6-B980-30724498A646} = {31665D2F-C5B1-4F64-BA6A-FF457861EDF5}
		{DAF387D3-B521-4730-B4C0-0D22BADF0BDE} = {31665D2F-C5B1-4F64-BA6A-FF457861EDF5}
		{36883501-5436-42B4-8F30-CBE9D522AA10} = {31665D2F-C5B1-4F64-BA6A-FF457861EDF5}
		{EBBC5131-B92E-481D-9E60-57C133937988} = {7E555272-5469-44F7-AF59-52494BE3662D}
		{BBEC0A75-D613-417F-8E89-C3F6013AB53F} = {7E555272-5469-44F7-AF59-52494BE3662D}
	EndGlobalSection
	GlobalSection(ExtensibilityGlobals) = postSolution
		SolutionGuid = {B1593B20-AB06-422B-8B00-B380CFED5CEC}
	EndGlobalSection
EndGlobal
