
Microsoft Visual Studio Solution File, Format Version 12.00
# Visual Studio Version 16
VisualStudioVersion = 16.0.31321.278
MinimumVisualStudioVersion = 10.0.40219.1
Project("{9A19103F-16F7-4668-BE54-9A1E7A4F7556}") = "Pub", "Pub\Pub.csproj", "{A5A9A70C-5FB0-4FC9-8A3F-0A3BB20CF16F}"
EndProject
Project("{9A19103F-16F7-4668-BE54-9A1E7A4F7556}") = "Sub", "Sub\Sub.csproj", "{D3B4CB92-5A23-41C3-8953-A1775456E7E8}"
EndProject
Project("{9A19103F-16F7-4668-BE54-9A1E7A4F7556}") = "Broker", "Broker\Broker.csproj", "{1E871CA0-8D19-4DF0-8FDD-B917029D0EC1}"
EndProject
Project("{FAE04EC0-301F-11D3-BF4B-00C04F79EFBC}") = "Messages", "Messages\Messages.csproj", "{663C87E3-064E-4668-87BD-52B6F3C8BEAF}"
EndProject
Project("{FAE04EC0-301F-11D3-BF4B-00C04F79EFBC}") = "ConsoleApp", "ConsoleApp\ConsoleApp.csproj", "{051924DF-D6B5-4016-A67D-403E81BE40D2}"
EndProject
Project("{FAE04EC0-301F-11D3-BF4B-00C04F79EFBC}") = "Services", "Services\Services.csproj", "{65354606-2F99-4E39-8EED-360860D9DD59}"
EndProject
Global
	GlobalSection(SolutionConfigurationPlatforms) = preSolution
		Debug|Any CPU = Debug|Any CPU
		Release|Any CPU = Release|Any CPU
	EndGlobalSection
	GlobalSection(ProjectConfigurationPlatforms) = postSolution
		{A5A9A70C-5FB0-4FC9-8A3F-0A3BB20CF16F}.Debug|Any CPU.ActiveCfg = Debug|Any CPU
		{A5A9A70C-5FB0-4FC9-8A3F-0A3BB20CF16F}.Debug|Any CPU.Build.0 = Debug|Any CPU
		{A5A9A70C-5FB0-4FC9-8A3F-0A3BB20CF16F}.Release|Any CPU.ActiveCfg = Release|Any CPU
		{A5A9A70C-5FB0-4FC9-8A3F-0A3BB20CF16F}.Release|Any CPU.Build.0 = Release|Any CPU
		{D3B4CB92-5A23-41C3-8953-A1775456E7E8}.Debug|Any CPU.ActiveCfg = Debug|Any CPU
		{D3B4CB92-5A23-41C3-8953-A1775456E7E8}.Debug|Any CPU.Build.0 = Debug|Any CPU
		{D3B4CB92-5A23-41C3-8953-A1775456E7E8}.Release|Any CPU.ActiveCfg = Release|Any CPU
		{D3B4CB92-5A23-41C3-8953-A1775456E7E8}.Release|Any CPU.Build.0 = Release|Any CPU
		{1E871CA0-8D19-4DF0-8FDD-B917029D0EC1}.Debug|Any CPU.ActiveCfg = Debug|Any CPU
		{1E871CA0-8D19-4DF0-8FDD-B917029D0EC1}.Debug|Any CPU.Build.0 = Debug|Any CPU
		{1E871CA0-8D19-4DF0-8FDD-B917029D0EC1}.Release|Any CPU.ActiveCfg = Release|Any CPU
		{1E871CA0-8D19-4DF0-8FDD-B917029D0EC1}.Release|Any CPU.Build.0 = Release|Any CPU
		{663C87E3-064E-4668-87BD-52B6F3C8BEAF}.Debug|Any CPU.ActiveCfg = Debug|Any CPU
		{663C87E3-064E-4668-87BD-52B6F3C8BEAF}.Debug|Any CPU.Build.0 = Debug|Any CPU
		{663C87E3-064E-4668-87BD-52B6F3C8BEAF}.Release|Any CPU.ActiveCfg = Release|Any CPU
		{663C87E3-064E-4668-87BD-52B6F3C8BEAF}.Release|Any CPU.Build.0 = Release|Any CPU
		{051924DF-D6B5-4016-A67D-403E81BE40D2}.Debug|Any CPU.ActiveCfg = Debug|Any CPU
		{051924DF-D6B5-4016-A67D-403E81BE40D2}.Debug|Any CPU.Build.0 = Debug|Any CPU
		{051924DF-D6B5-4016-A67D-403E81BE40D2}.Release|Any CPU.ActiveCfg = Release|Any CPU
		{051924DF-D6B5-4016-A67D-403E81BE40D2}.Release|Any CPU.Build.0 = Release|Any CPU
		{65354606-2F99-4E39-8EED-360860D9DD59}.Debug|Any CPU.ActiveCfg = Debug|Any CPU
		{65354606-2F99-4E39-8EED-360860D9DD59}.Debug|Any CPU.Build.0 = Debug|Any CPU
		{65354606-2F99-4E39-8EED-360860D9DD59}.Release|Any CPU.ActiveCfg = Release|Any CPU
		{65354606-2F99-4E39-8EED-360860D9DD59}.Release|Any CPU.Build.0 = Release|Any CPU
	EndGlobalSection
	GlobalSection(SolutionProperties) = preSolution
		HideSolutionNode = FALSE
	EndGlobalSection
	GlobalSection(ExtensibilityGlobals) = postSolution
		SolutionGuid = {B1593B20-AB06-422B-8B00-B380CFED5CEC}
	EndGlobalSection
EndGlobal
